{
    "_readme": [
        "This file locks the dependencies of your project to a known state",
        "Read more about it at https://getcomposer.org/doc/01-basic-usage.md#installing-dependencies",
        "This file is @generated automatically"
    ],
    "content-hash": "8aabe580d348ace205945b61d53e4a3d",
    "packages": [
        {
            "name": "catfan/medoo",
            "version": "v1.7.10",
            "source": {
                "type": "git",
                "url": "https://github.com/catfan/Medoo.git",
                "reference": "2d675f73e23f63bbaeb9a8aa33318659a3d3c32f"
            },
            "dist": {
                "type": "zip",
                "url": "https://api.github.com/repos/catfan/Medoo/zipball/2d675f73e23f63bbaeb9a8aa33318659a3d3c32f",
                "reference": "2d675f73e23f63bbaeb9a8aa33318659a3d3c32f",
                "shasum": "",
                "mirrors": [
                    {
                        "url": "https://mirrors.aliyun.com/composer/dists/%package%/%reference%.%type%",
                        "preferred": true
                    }
                ]
            },
            "require": {
                "ext-pdo": "*",
                "php": ">=5.4"
            },
            "suggest": {
                "ext-pdo_dblib": "For MSSQL or Sybase database on Linux/UNIX platform",
                "ext-pdo_mysql": "For MySQL or MariaDB database",
                "ext-pdo_oci": "For Oracle database",
                "ext-pdo_oci8": "For Oracle version 8 database",
                "ext-pdo_pqsql": "For PostgreSQL database",
                "ext-pdo_sqlite": "For SQLite database",
                "ext-pdo_sqlsrv": "For MSSQL database on both Window/Liunx platform"
            },
            "type": "framework",
            "autoload": {
                "psr-4": {
                    "Medoo\\": "/src"
                }
            },
            "notification-url": "https://packagist.org/downloads/",
            "license": [
                "MIT"
            ],
            "authors": [
                {
                    "name": "Angel Lai",
                    "email": "angel@catfan.me"
                }
            ],
            "description": "The lightweight PHP database framework to accelerate development",
            "homepage": "https://medoo.in",
            "keywords": [
                "database",
                "database library",
                "lightweight",
                "mariadb",
                "mssql",
                "mysql",
                "oracle",
                "php framework",
                "postgresql",
                "sql",
                "sqlite"
            ],
            "support": {
                "issues": "https://github.com/catfan/Medoo/issues",
                "source": "https://github.com/catfan/Medoo"
            },
            "time": "2020-02-11T08:20:42+00:00"
        },
        {
            "name": "noahbuscher/macaw",
            "version": "dev-master",
            "source": {
                "type": "git",
                "url": "https://github.com/noahbuscher/macaw.git",
                "reference": "ade32370a3d09f1fa498de254411d1b6b7be1877"
            },
            "dist": {
                "type": "zip",
                "url": "https://api.github.com/repos/noahbuscher/macaw/zipball/ade32370a3d09f1fa498de254411d1b6b7be1877",
                "reference": "ade32370a3d09f1fa498de254411d1b6b7be1877",
                "shasum": "",
                "mirrors": [
                    {
                        "url": "https://mirrors.aliyun.com/composer/dists/%package%/%reference%.%type%",
                        "preferred": true
                    }
                ]
            },
            "require": {
                "php": ">=5.3.3"
            },
            "require-dev": {
                "guzzle/guzzle": "~3.9",
                "phpunit/phpunit": "^4.8-stable"
            },
            "type": "library",
            "autoload": {
                "psr-4": {
                    "NoahBuscher\\Macaw\\": "./"
                }
            },
            "notification-url": "https://packagist.org/downloads/",
            "license": [
                "MIT"
            ],
            "authors": [
                {
                    "name": "Noah Buscher",
                    "email": "me@noahbuscher.com",
                    "homepage": "http://noahbuscher.com/"
                }
            ],
            "description": "Simple PHP router class.",
            "homepage": "https://github.com/noahbuscher/Macaw",
            "keywords": [
                "php",
                "php-router",
                "router"
            ],
            "support": {
                "issues": "https://github.com/noahbuscher/macaw/issues",
                "source": "https://github.com/noahbuscher/macaw/tree/master"
            },
            "time": "2019-01-14T14:49:59+00:00"
        }
    ],
    "packages-dev": [],
    "aliases": [],
    "minimum-stability": "stable",
    "stability-flags": {
        "noahbuscher/macaw": 20
    },
    "prefer-stable": false,
    "prefer-lowest": false,
    "platform": {
        "ext-json": "*",
        "ext-mysqli": "*",
        "ext-curl": "*",
        "ext-xml": "*",
        "ext-iconv": "*",
        "ext-pdo": "*"
    },
    "platform-dev": [],
    "plugin-api-version": "2.0.0"
}
